
Microsoft Visual Studio Solution File, Format Version 12.00
# Visual Studio Version 17
VisualStudioVersion = 17.8.34511.84
MinimumVisualStudioVersion = 10.0.40219.1
Project("{9A19103F-16F7-4668-BE54-9A1E7A4F7556}") = "EasyCashIdentity.EntityLayer", "EasyCashIdentity.EntityLayer\EasyCashIdentity.EntityLayer.csproj", "{4AFFDC5B-C89F-483D-9FBA-F574B6F1FCD5}"
EndProject
Project("{9A19103F-16F7-4668-BE54-9A1E7A4F7556}") = "EasyCashIdentity.DataAccesLayer", "EasyCashIdentity.DataLayer\EasyCashIdentity.DataAccesLayer.csproj", "{4F4FC9CA-F20C-4EDE-BD37-F8EA951D544D}"
EndProject
Project("{9A19103F-16F7-4668-BE54-9A1E7A4F7556}") = "EasyCashIdentity.BusinessLayer", "EasyCashIdentity.BusinessLayer\EasyCashIdentity.BusinessLayer.csproj", "{48728CC4-358E-4583-867B-B65C2EEECA97}"
EndProject
Project("{9A19103F-16F7-4668-BE54-9A1E7A4F7556}") = "EasyCashIdentity.DTOLayer", "EasyCashIdentity.DTOLayer\EasyCashIdentity.DTOLayer.csproj", "{DFA5C444-F9DD-4FDD-BD18-781EE2DB4651}"
EndProject
Project("{FAE04EC0-301F-11D3-BF4B-00C04F79EFBC}") = "EasyCashIdentity.PresentationLayer", "EasyCashIdentity.PresentationLayer\EasyCashIdentity.PresentationLayer.csproj", "{C5850ACF-3ECB-478E-9F1A-C48648A33D08}"
EndProject
Global
	GlobalSection(SolutionConfigurationPlatforms) = preSolution
		Debug|Any CPU = Debug|Any CPU
		Release|Any CPU = Release|Any CPU
	EndGlobalSection
	GlobalSection(ProjectConfigurationPlatforms) = postSolution
		{4AFFDC5B-C89F-483D-9FBA-F574B6F1FCD5}.Debug|Any CPU.ActiveCfg = Debug|Any CPU
		{4AFFDC5B-C89F-483D-9FBA-F574B6F1FCD5}.Debug|Any CPU.Build.0 = Debug|Any CPU
		{4AFFDC5B-C89F-483D-9FBA-F574B6F1FCD5}.Release|Any CPU.ActiveCfg = Release|Any CPU
		{4AFFDC5B-C89F-483D-9FBA-F574B6F1FCD5}.Release|Any CPU.Build.0 = Release|Any CPU
		{4F4FC9CA-F20C-4EDE-BD37-F8EA951D544D}.Debug|Any CPU.ActiveCfg = Debug|Any CPU
		{4F4FC9CA-F20C-4EDE-BD37-F8EA951D544D}.Debug|Any CPU.Build.0 = Debug|Any CPU
		{4F4FC9CA-F20C-4EDE-BD37-F8EA951D544D}.Release|Any CPU.ActiveCfg = Release|Any CPU
		{4F4FC9CA-F20C-4EDE-BD37-F8EA951D544D}.Release|Any CPU.Build.0 = Release|Any CPU
		{48728CC4-358E-4583-867B-B65C2EEECA97}.Debug|Any CPU.ActiveCfg = Debug|Any CPU
		{48728CC4-358E-4583-867B-B65C2EEECA97}.Debug|Any CPU.Build.0 = Debug|Any CPU
		{48728CC4-358E-4583-867B-B65C2EEECA97}.Release|Any CPU.ActiveCfg = Release|Any CPU
		{48728CC4-358E-4583-867B-B65C2EEECA97}.Release|Any CPU.Build.0 = Release|Any CPU
		{DFA5C444-F9DD-4FDD-BD18-781EE2DB4651}.Debug|Any CPU.ActiveCfg = Debug|Any CPU
		{DFA5C444-F9DD-4FDD-BD18-781EE2DB4651}.Debug|Any CPU.Build.0 = Debug|Any CPU
		{DFA5C444-F9DD-4FDD-BD18-781EE2DB4651}.Release|Any CPU.ActiveCfg = Release|Any CPU
		{DFA5C444-F9DD-4FDD-BD18-781EE2DB4651}.Release|Any CPU.Build.0 = Release|Any CPU
		{C5850ACF-3ECB-478E-9F1A-C48648A33D08}.Debug|Any CPU.ActiveCfg = Debug|Any CPU
		{C5850ACF-3ECB-478E-9F1A-C48648A33D08}.Debug|Any CPU.Build.0 = Debug|Any CPU
		{C5850ACF-3ECB-478E-9F1A-C48648A33D08}.Release|Any CPU.ActiveCfg = Release|Any CPU
		{C5850ACF-3ECB-478E-9F1A-C48648A33D08}.Release|Any CPU.Build.0 = Release|Any CPU
	EndGlobalSection
	GlobalSection(SolutionProperties) = preSolution
		HideSolutionNode = FALSE
	EndGlobalSection
	GlobalSection(ExtensibilityGlobals) = postSolution
		SolutionGuid = {CE4DD6A5-864F-428E-A7C7-BAA195C3522D}
	EndGlobalSection
EndGlobal
